
Microsoft Visual Studio Solution File, Format Version 12.00
# Visual Studio 14
VisualStudioVersion = 14.0.25420.1
MinimumVisualStudioVersion = 10.0.40219.1
Project("{FAE04EC0-301F-11D3-BF4B-00C04F79EFBC}") = "DelSole.XamUtilities", "DelSole.XamUtilities\DelSole.XamUtilities.csproj", "{67F9D3A8-F71E-4428-913F-C37AE82CDB24}"
EndProject
Project("{FAE04EC0-301F-11D3-BF4B-00C04F79EFBC}") = "DelSole.XamUtilities.Samples.Droid", "DelSole.XamUtilities.Samples\DelSole.XamUtilities.Samples.Droid\DelSole.XamUtilities.Samples.Droid.csproj", "{F3315495-D402-42FD-9127-8B79134FE09B}"
EndProject
Project("{FAE04EC0-301F-11D3-BF4B-00C04F79EFBC}") = "DelSole.XamUtilities.Samples.iOS", "DelSole.XamUtilities.Samples\DelSole.XamUtilities.Samples.iOS\DelSole.XamUtilities.Samples.iOS.csproj", "{20B9AA1F-04FF-4EC8-AB2C-093A19F1E78A}"
EndProject
Project("{FAE04EC0-301F-11D3-BF4B-00C04F79EFBC}") = "DelSole.XamUtilities.Samples.UWP", "DelSole.XamUtilities.Samples\DelSole.XamUtilities.Samples.UWP\DelSole.XamUtilities.Samples.UWP.csproj", "{B47B9071-E042-4DFB-ACB5-007D6A53BEDF}"
EndProject
Project("{FAE04EC0-301F-11D3-BF4B-00C04F79EFBC}") = "DelSole.XamUtilities.Samples", "DelSole.XamUtilities.Samples\DelSole.XamUtilities.Samples\DelSole.XamUtilities.Samples.csproj", "{8767F1D5-D14F-4B33-95B6-501374240B85}"
EndProject
Global
	GlobalSection(SolutionConfigurationPlatforms) = preSolution
		Ad-Hoc|Any CPU = Ad-Hoc|Any CPU
		Ad-Hoc|ARM = Ad-Hoc|ARM
		Ad-Hoc|iPhone = Ad-Hoc|iPhone
		Ad-Hoc|iPhoneSimulator = Ad-Hoc|iPhoneSimulator
		Ad-Hoc|x64 = Ad-Hoc|x64
		Ad-Hoc|x86 = Ad-Hoc|x86
		AppStore|Any CPU = AppStore|Any CPU
		AppStore|ARM = AppStore|ARM
		AppStore|iPhone = AppStore|iPhone
		AppStore|iPhoneSimulator = AppStore|iPhoneSimulator
		AppStore|x64 = AppStore|x64
		AppStore|x86 = AppStore|x86
		Debug|Any CPU = Debug|Any CPU
		Debug|ARM = Debug|ARM
		Debug|iPhone = Debug|iPhone
		Debug|iPhoneSimulator = Debug|iPhoneSimulator
		Debug|x64 = Debug|x64
		Debug|x86 = Debug|x86
		Release|Any CPU = Release|Any CPU
		Release|ARM = Release|ARM
		Release|iPhone = Release|iPhone
		Release|iPhoneSimulator = Release|iPhoneSimulator
		Release|x64 = Release|x64
		Release|x86 = Release|x86
	EndGlobalSection
	GlobalSection(ProjectConfigurationPlatforms) = postSolution
		{67F9D3A8-F71E-4428-913F-C37AE82CDB24}.Ad-Hoc|Any CPU.ActiveCfg = Release|Any CPU
		{67F9D3A8-F71E-4428-913F-C37AE82CDB24}.Ad-Hoc|Any CPU.Build.0 = Release|Any CPU
		{67F9D3A8-F71E-4428-913F-C37AE82CDB24}.Ad-Hoc|ARM.ActiveCfg = Release|Any CPU
		{67F9D3A8-F71E-4428-913F-C37AE82CDB24}.Ad-Hoc|ARM.Build.0 = Release|Any CPU
		{67F9D3A8-F71E-4428-913F-C37AE82CDB24}.Ad-Hoc|iPhone.ActiveCfg = Release|Any CPU
		{67F9D3A8-F71E-4428-913F-C37AE82CDB24}.Ad-Hoc|iPhone.Build.0 = Release|Any CPU
		{67F9D3A8-F71E-4428-913F-C37AE82CDB24}.Ad-Hoc|iPhoneSimulator.ActiveCfg = Release|Any CPU
		{67F9D3A8-F71E-4428-913F-C37AE82CDB24}.Ad-Hoc|iPhoneSimulator.Build.0 = Release|Any CPU
		{67F9D3A8-F71E-4428-913F-C37AE82CDB24}.Ad-Hoc|x64.ActiveCfg = Release|Any CPU
		{67F9D3A8-F71E-4428-913F-C37AE82CDB24}.Ad-Hoc|x64.Build.0 = Release|Any CPU
		{67F9D3A8-F71E-4428-913F-C37AE82CDB24}.Ad-Hoc|x86.ActiveCfg = Release|Any CPU
		{67F9D3A8-F71E-4428-913F-C37AE82CDB24}.Ad-Hoc|x86.Build.0 = Release|Any CPU
		{67F9D3A8-F71E-4428-913F-C37AE82CDB24}.AppStore|Any CPU.ActiveCfg = Release|Any CPU
		{67F9D3A8-F71E-4428-913F-C37AE82CDB24}.AppStore|Any CPU.Build.0 = Release|Any CPU
		{67F9D3A8-F71E-4428-913F-C37AE82CDB24}.AppStore|ARM.ActiveCfg = Release|Any CPU
		{67F9D3A8-F71E-4428-913F-C37AE82CDB24}.AppStore|ARM.Build.0 = Release|Any CPU
		{67F9D3A8-F71E-4428-913F-C37AE82CDB24}.AppStore|iPhone.ActiveCfg = Release|Any CPU
		{67F9D3A8-F71E-4428-913F-C37AE82CDB24}.AppStore|iPhone.Build.0 = Release|Any CPU
		{67F9D3A8-F71E-4428-913F-C37AE82CDB24}.AppStore|iPhoneSimulator.ActiveCfg = Release|Any CPU
		{67F9D3A8-F71E-4428-913F-C37AE82CDB24}.AppStore|iPhoneSimulator.Build.0 = Release|Any CPU
		{67F9D3A8-F71E-4428-913F-C37AE82CDB24}.AppStore|x64.ActiveCfg = Release|Any CPU
		{67F9D3A8-F71E-4428-913F-C37AE82CDB24}.AppStore|x64.Build.0 = Release|Any CPU
		{67F9D3A8-F71E-4428-913F-C37AE82CDB24}.AppStore|x86.ActiveCfg = Release|Any CPU
		{67F9D3A8-F71E-4428-913F-C37AE82CDB24}.AppStore|x86.Build.0 = Release|Any CPU
		{67F9D3A8-F71E-4428-913F-C37AE82CDB24}.Debug|Any CPU.ActiveCfg = Debug|Any CPU
		{67F9D3A8-F71E-4428-913F-C37AE82CDB24}.Debug|Any CPU.Build.0 = Debug|Any CPU
		{67F9D3A8-F71E-4428-913F-C37AE82CDB24}.Debug|ARM.ActiveCfg = Debug|Any CPU
		{67F9D3A8-F71E-4428-913F-C37AE82CDB24}.Debug|ARM.Build.0 = Debug|Any CPU
		{67F9D3A8-F71E-4428-913F-C37AE82CDB24}.Debug|iPhone.ActiveCfg = Debug|Any CPU
		{67F9D3A8-F71E-4428-913F-C37AE82CDB24}.Debug|iPhone.Build.0 = Debug|Any CPU
		{67F9D3A8-F71E-4428-913F-C37AE82CDB24}.Debug|iPhoneSimulator.ActiveCfg = Debug|Any CPU
		{67F9D3A8-F71E-4428-913F-C37AE82CDB24}.Debug|iPhoneSimulator.Build.0 = Debug|Any CPU
		{67F9D3A8-F71E-4428-913F-C37AE82CDB24}.Debug|x64.ActiveCfg = Debug|Any CPU
		{67F9D3A8-F71E-4428-913F-C37AE82CDB24}.Debug|x64.Build.0 = Debug|Any CPU
		{67F9D3A8-F71E-4428-913F-C37AE82CDB24}.Debug|x86.ActiveCfg = Debug|Any CPU
		{67F9D3A8-F71E-4428-913F-C37AE82CDB24}.Debug|x86.Build.0 = Debug|Any CPU
		{67F9D3A8-F71E-4428-913F-C37AE82CDB24}.Release|Any CPU.ActiveCfg = Release|Any CPU
		{67F9D3A8-F71E-4428-913F-C37AE82CDB24}.Release|Any CPU.Build.0 = Release|Any CPU
		{67F9D3A8-F71E-4428-913F-C37AE82CDB24}.Release|ARM.ActiveCfg = Release|Any CPU
		{67F9D3A8-F71E-4428-913F-C37AE82CDB24}.Release|ARM.Build.0 = Release|Any CPU
		{67F9D3A8-F71E-4428-913F-C37AE82CDB24}.Release|iPhone.ActiveCfg = Release|Any CPU
		{67F9D3A8-F71E-4428-913F-C37AE82CDB24}.Release|iPhone.Build.0 = Release|Any CPU
		{67F9D3A8-F71E-4428-913F-C37AE82CDB24}.Release|iPhoneSimulator.ActiveCfg = Release|Any CPU
		{67F9D3A8-F71E-4428-913F-C37AE82CDB24}.Release|iPhoneSimulator.Build.0 = Release|Any CPU
		{67F9D3A8-F71E-4428-913F-C37AE82CDB24}.Release|x64.ActiveCfg = Release|Any CPU
		{67F9D3A8-F71E-4428-913F-C37AE82CDB24}.Release|x64.Build.0 = Release|Any CPU
		{67F9D3A8-F71E-4428-913F-C37AE82CDB24}.Release|x86.ActiveCfg = Release|Any CPU
		{67F9D3A8-F71E-4428-913F-C37AE82CDB24}.Release|x86.Build.0 = Release|Any CPU
		{F3315495-D402-42FD-9127-8B79134FE09B}.Ad-Hoc|Any CPU.ActiveCfg = Release|Any CPU
		{F3315495-D402-42FD-9127-8B79134FE09B}.Ad-Hoc|Any CPU.Build.0 = Release|Any CPU
		{F3315495-D402-42FD-9127-8B79134FE09B}.Ad-Hoc|Any CPU.Deploy.0 = Release|Any CPU
		{F3315495-D402-42FD-9127-8B79134FE09B}.Ad-Hoc|ARM.ActiveCfg = Release|Any CPU
		{F3315495-D402-42FD-9127-8B79134FE09B}.Ad-Hoc|ARM.Build.0 = Release|Any CPU
		{F3315495-D402-42FD-9127-8B79134FE09B}.Ad-Hoc|ARM.Deploy.0 = Release|Any CPU
		{F3315495-D402-42FD-9127-8B79134FE09B}.Ad-Hoc|iPhone.ActiveCfg = Release|Any CPU
		{F3315495-D402-42FD-9127-8B79134FE09B}.Ad-Hoc|iPhone.Build.0 = Release|Any CPU
		{F3315495-D402-42FD-9127-8B79134FE09B}.Ad-Hoc|iPhone.Deploy.0 = Release|Any CPU
		{F3315495-D402-42FD-9127-8B79134FE09B}.Ad-Hoc|iPhoneSimulator.ActiveCfg = Release|Any CPU
		{F3315495-D402-42FD-9127-8B79134FE09B}.Ad-Hoc|iPhoneSimulator.Build.0 = Release|Any CPU
		{F3315495-D402-42FD-9127-8B79134FE09B}.Ad-Hoc|iPhoneSimulator.Deploy.0 = Release|Any CPU
		{F3315495-D402-42FD-9127-8B79134FE09B}.Ad-Hoc|x64.ActiveCfg = Release|Any CPU
		{F3315495-D402-42FD-9127-8B79134FE09B}.Ad-Hoc|x64.Build.0 = Release|Any CPU
		{F3315495-D402-42FD-9127-8B79134FE09B}.Ad-Hoc|x64.Deploy.0 = Release|Any CPU
		{F3315495-D402-42FD-9127-8B79134FE09B}.Ad-Hoc|x86.ActiveCfg = Release|Any CPU
		{F3315495-D402-42FD-9127-8B79134FE09B}.Ad-Hoc|x86.Build.0 = Release|Any CPU
		{F3315495-D402-42FD-9127-8B79134FE09B}.Ad-Hoc|x86.Deploy.0 = Release|Any CPU
		{F3315495-D402-42FD-9127-8B79134FE09B}.AppStore|Any CPU.ActiveCfg = Release|Any CPU
		{F3315495-D402-42FD-9127-8B79134FE09B}.AppStore|Any CPU.Build.0 = Release|Any CPU
		{F3315495-D402-42FD-9127-8B79134FE09B}.AppStore|Any CPU.Deploy.0 = Release|Any CPU
		{F3315495-D402-42FD-9127-8B79134FE09B}.AppStore|ARM.ActiveCfg = Release|Any CPU
		{F3315495-D402-42FD-9127-8B79134FE09B}.AppStore|ARM.Build.0 = Release|Any CPU
		{F3315495-D402-42FD-9127-8B79134FE09B}.AppStore|ARM.Deploy.0 = Release|Any CPU
		{F3315495-D402-42FD-9127-8B79134FE09B}.AppStore|iPhone.ActiveCfg = Release|Any CPU
		{F3315495-D402-42FD-9127-8B79134FE09B}.AppStore|iPhone.Build.0 = Release|Any CPU
		{F3315495-D402-42FD-9127-8B79134FE09B}.AppStore|iPhone.Deploy.0 = Release|Any CPU
		{F3315495-D402-42FD-9127-8B79134FE09B}.AppStore|iPhoneSimulator.ActiveCfg = Release|Any CPU
		{F3315495-D402-42FD-9127-8B79134FE09B}.AppStore|iPhoneSimulator.Build.0 = Release|Any CPU
		{F3315495-D402-42FD-9127-8B79134FE09B}.AppStore|iPhoneSimulator.Deploy.0 = Release|Any CPU
		{F3315495-D402-42FD-9127-8B79134FE09B}.AppStore|x64.ActiveCfg = Release|Any CPU
		{F3315495-D402-42FD-9127-8B79134FE09B}.AppStore|x64.Build.0 = Release|Any CPU
		{F3315495-D402-42FD-9127-8B79134FE09B}.AppStore|x64.Deploy.0 = Release|Any CPU
		{F3315495-D402-42FD-9127-8B79134FE09B}.AppStore|x86.ActiveCfg = Release|Any CPU
		{F3315495-D402-42FD-9127-8B79134FE09B}.AppStore|x86.Build.0 = Release|Any CPU
		{F3315495-D402-42FD-9127-8B79134FE09B}.AppStore|x86.Deploy.0 = Release|Any CPU
		{F3315495-D402-42FD-9127-8B79134FE09B}.Debug|Any CPU.ActiveCfg = Debug|Any CPU
		{F3315495-D402-42FD-9127-8B79134FE09B}.Debug|Any CPU.Build.0 = Debug|Any CPU
		{F3315495-D402-42FD-9127-8B79134FE09B}.Debug|Any CPU.Deploy.0 = Debug|Any CPU
		{F3315495-D402-42FD-9127-8B79134FE09B}.Debug|ARM.ActiveCfg = Debug|Any CPU
		{F3315495-D402-42FD-9127-8B79134FE09B}.Debug|ARM.Build.0 = Debug|Any CPU
		{F3315495-D402-42FD-9127-8B79134FE09B}.Debug|ARM.Deploy.0 = Debug|Any CPU
		{F3315495-D402-42FD-9127-8B79134FE09B}.Debug|iPhone.ActiveCfg = Debug|Any CPU
		{F3315495-D402-42FD-9127-8B79134FE09B}.Debug|iPhone.Build.0 = Debug|Any CPU
		{F3315495-D402-42FD-9127-8B79134FE09B}.Debug|iPhone.Deploy.0 = Debug|Any CPU
		{F3315495-D402-42FD-9127-8B79134FE09B}.Debug|iPhoneSimulator.ActiveCfg = Debug|Any CPU
		{F3315495-D402-42FD-9127-8B79134FE09B}.Debug|iPhoneSimulator.Build.0 = Debug|Any CPU
		{F3315495-D402-42FD-9127-8B79134FE09B}.Debug|iPhoneSimulator.Deploy.0 = Debug|Any CPU
		{F3315495-D402-42FD-9127-8B79134FE09B}.Debug|x64.ActiveCfg = Debug|Any CPU
		{F3315495-D402-42FD-9127-8B79134FE09B}.Debug|x64.Build.0 = Debug|Any CPU
		{F3315495-D402-42FD-9127-8B79134FE09B}.Debug|x64.Deploy.0 = Debug|Any CPU
		{F3315495-D402-42FD-9127-8B79134FE09B}.Debug|x86.ActiveCfg = Debug|Any CPU
		{F3315495-D402-42FD-9127-8B79134FE09B}.Debug|x86.Build.0 = Debug|Any CPU
		{F3315495-D402-42FD-9127-8B79134FE09B}.Debug|x86.Deploy.0 = Debug|Any CPU
		{F3315495-D402-42FD-9127-8B79134FE09B}.Release|Any CPU.ActiveCfg = Release|Any CPU
		{F3315495-D402-42FD-9127-8B79134FE09B}.Release|Any CPU.Build.0 = Release|Any CPU
		{F3315495-D402-42FD-9127-8B79134FE09B}.Release|Any CPU.Deploy.0 = Release|Any CPU
		{F3315495-D402-42FD-9127-8B79134FE09B}.Release|ARM.ActiveCfg = Release|Any CPU
		{F3315495-D402-42FD-9127-8B79134FE09B}.Release|ARM.Build.0 = Release|Any CPU
		{F3315495-D402-42FD-9127-8B79134FE09B}.Release|ARM.Deploy.0 = Release|Any CPU
		{F3315495-D402-42FD-9127-8B79134FE09B}.Release|iPhone.ActiveCfg = Release|Any CPU
		{F3315495-D402-42FD-9127-8B79134FE09B}.Release|iPhone.Build.0 = Release|Any CPU
		{F3315495-D402-42FD-9127-8B79134FE09B}.Release|iPhone.Deploy.0 = Release|Any CPU
		{F3315495-D402-42FD-9127-8B79134FE09B}.Release|iPhoneSimulator.ActiveCfg = Release|Any CPU
		{F3315495-D402-42FD-9127-8B79134FE09B}.Release|iPhoneSimulator.Build.0 = Release|Any CPU
		{F3315495-D402-42FD-9127-8B79134FE09B}.Release|iPhoneSimulator.Deploy.0 = Release|Any CPU
		{F3315495-D402-42FD-9127-8B79134FE09B}.Release|x64.ActiveCfg = Release|Any CPU
		{F3315495-D402-42FD-9127-8B79134FE09B}.Release|x64.Build.0 = Release|Any CPU
		{F3315495-D402-42FD-9127-8B79134FE09B}.Release|x64.Deploy.0 = Release|Any CPU
		{F3315495-D402-42FD-9127-8B79134FE09B}.Release|x86.ActiveCfg = Release|Any CPU
		{F3315495-D402-42FD-9127-8B79134FE09B}.Release|x86.Build.0 = Release|Any CPU
		{F3315495-D402-42FD-9127-8B79134FE09B}.Release|x86.Deploy.0 = Release|Any CPU
		{20B9AA1F-04FF-4EC8-AB2C-093A19F1E78A}.Ad-Hoc|Any CPU.ActiveCfg = Ad-Hoc|iPhone
		{20B9AA1F-04FF-4EC8-AB2C-093A19F1E78A}.Ad-Hoc|ARM.ActiveCfg = Ad-Hoc|iPhone
		{20B9AA1F-04FF-4EC8-AB2C-093A19F1E78A}.Ad-Hoc|iPhone.ActiveCfg = Ad-Hoc|iPhone
		{20B9AA1F-04FF-4EC8-AB2C-093A19F1E78A}.Ad-Hoc|iPhone.Build.0 = Ad-Hoc|iPhone
		{20B9AA1F-04FF-4EC8-AB2C-093A19F1E78A}.Ad-Hoc|iPhoneSimulator.ActiveCfg = Ad-Hoc|iPhoneSimulator
		{20B9AA1F-04FF-4EC8-AB2C-093A19F1E78A}.Ad-Hoc|iPhoneSimulator.Build.0 = Ad-Hoc|iPhoneSimulator
		{20B9AA1F-04FF-4EC8-AB2C-093A19F1E78A}.Ad-Hoc|x64.ActiveCfg = Ad-Hoc|iPhone
		{20B9AA1F-04FF-4EC8-AB2C-093A19F1E78A}.Ad-Hoc|x86.ActiveCfg = Ad-Hoc|iPhone
		{20B9AA1F-04FF-4EC8-AB2C-093A19F1E78A}.AppStore|Any CPU.ActiveCfg = AppStore|iPhone
		{20B9AA1F-04FF-4EC8-AB2C-093A19F1E78A}.AppStore|ARM.ActiveCfg = AppStore|iPhone
		{20B9AA1F-04FF-4EC8-AB2C-093A19F1E78A}.AppStore|iPhone.ActiveCfg = AppStore|iPhone
		{20B9AA1F-04FF-4EC8-AB2C-093A19F1E78A}.AppStore|iPhone.Build.0 = AppStore|iPhone
		{20B9AA1F-04FF-4EC8-AB2C-093A19F1E78A}.AppStore|iPhoneSimulator.ActiveCfg = AppStore|iPhoneSimulator
		{20B9AA1F-04FF-4EC8-AB2C-093A19F1E78A}.AppStore|iPhoneSimulator.Build.0 = AppStore|iPhoneSimulator
		{20B9AA1F-04FF-4EC8-AB2C-093A19F1E78A}.AppStore|x64.ActiveCfg = AppStore|iPhone
		{20B9AA1F-04FF-4EC8-AB2C-093A19F1E78A}.AppStore|x86.ActiveCfg = AppStore|iPhone
		{20B9AA1F-04FF-4EC8-AB2C-093A19F1E78A}.Debug|Any CPU.ActiveCfg = Debug|iPhone
		{20B9AA1F-04FF-4EC8-AB2C-093A19F1E78A}.Debug|ARM.ActiveCfg = Debug|iPhone
		{20B9AA1F-04FF-4EC8-AB2C-093A19F1E78A}.Debug|iPhone.ActiveCfg = Debug|iPhone
		{20B9AA1F-04FF-4EC8-AB2C-093A19F1E78A}.Debug|iPhone.Build.0 = Debug|iPhone
		{20B9AA1F-04FF-4EC8-AB2C-093A19F1E78A}.Debug|iPhoneSimulator.ActiveCfg = Debug|iPhoneSimulator
		{20B9AA1F-04FF-4EC8-AB2C-093A19F1E78A}.Debug|iPhoneSimulator.Build.0 = Debug|iPhoneSimulator
		{20B9AA1F-04FF-4EC8-AB2C-093A19F1E78A}.Debug|x64.ActiveCfg = Debug|iPhone
		{20B9AA1F-04FF-4EC8-AB2C-093A19F1E78A}.Debug|x86.ActiveCfg = Debug|iPhone
		{20B9AA1F-04FF-4EC8-AB2C-093A19F1E78A}.Release|Any CPU.ActiveCfg = Release|iPhone
		{20B9AA1F-04FF-4EC8-AB2C-093A19F1E78A}.Release|ARM.ActiveCfg = Release|iPhone
		{20B9AA1F-04FF-4EC8-AB2C-093A19F1E78A}.Release|iPhone.ActiveCfg = Release|iPhone
		{20B9AA1F-04FF-4EC8-AB2C-093A19F1E78A}.Release|iPhone.Build.0 = Release|iPhone
		{20B9AA1F-04FF-4EC8-AB2C-093A19F1E78A}.Release|iPhoneSimulator.ActiveCfg = Release|iPhoneSimulator
		{20B9AA1F-04FF-4EC8-AB2C-093A19F1E78A}.Release|iPhoneSimulator.Build.0 = Release|iPhoneSimulator
		{20B9AA1F-04FF-4EC8-AB2C-093A19F1E78A}.Release|x64.ActiveCfg = Release|iPhone
		{20B9AA1F-04FF-4EC8-AB2C-093A19F1E78A}.Release|x86.ActiveCfg = Release|iPhone
		{B47B9071-E042-4DFB-ACB5-007D6A53BEDF}.Ad-Hoc|Any CPU.ActiveCfg = Release|x86
		{B47B9071-E042-4DFB-ACB5-007D6A53BEDF}.Ad-Hoc|Any CPU.Build.0 = Release|x86
		{B47B9071-E042-4DFB-ACB5-007D6A53BEDF}.Ad-Hoc|Any CPU.Deploy.0 = Release|x86
		{B47B9071-E042-4DFB-ACB5-007D6A53BEDF}.Ad-Hoc|ARM.ActiveCfg = Release|ARM
		{B47B9071-E042-4DFB-ACB5-007D6A53BEDF}.Ad-Hoc|ARM.Build.0 = Release|ARM
		{B47B9071-E042-4DFB-ACB5-007D6A53BEDF}.Ad-Hoc|ARM.Deploy.0 = Release|ARM
		{B47B9071-E042-4DFB-ACB5-007D6A53BEDF}.Ad-Hoc|iPhone.ActiveCfg = Release|x86
		{B47B9071-E042-4DFB-ACB5-007D6A53BEDF}.Ad-Hoc|iPhone.Build.0 = Release|x86
		{B47B9071-E042-4DFB-ACB5-007D6A53BEDF}.Ad-Hoc|iPhone.Deploy.0 = Release|x86
		{B47B9071-E042-4DFB-ACB5-007D6A53BEDF}.Ad-Hoc|iPhoneSimulator.ActiveCfg = Release|x86
		{B47B9071-E042-4DFB-ACB5-007D6A53BEDF}.Ad-Hoc|iPhoneSimulator.Build.0 = Release|x86
		{B47B9071-E042-4DFB-ACB5-007D6A53BEDF}.Ad-Hoc|iPhoneSimulator.Deploy.0 = Release|x86
		{B47B9071-E042-4DFB-ACB5-007D6A53BEDF}.Ad-Hoc|x64.ActiveCfg = Release|x64
		{B47B9071-E042-4DFB-ACB5-007D6A53BEDF}.Ad-Hoc|x64.Build.0 = Release|x64
		{B47B9071-E042-4DFB-ACB5-007D6A53BEDF}.Ad-Hoc|x64.Deploy.0 = Release|x64
		{B47B9071-E042-4DFB-ACB5-007D6A53BEDF}.Ad-Hoc|x86.ActiveCfg = Release|x86
		{B47B9071-E042-4DFB-ACB5-007D6A53BEDF}.Ad-Hoc|x86.Build.0 = Release|x86
		{B47B9071-E042-4DFB-ACB5-007D6A53BEDF}.Ad-Hoc|x86.Deploy.0 = Release|x86
		{B47B9071-E042-4DFB-ACB5-007D6A53BEDF}.AppStore|Any CPU.ActiveCfg = Release|x86
		{B47B9071-E042-4DFB-ACB5-007D6A53BEDF}.AppStore|Any CPU.Build.0 = Release|x86
		{B47B9071-E042-4DFB-ACB5-007D6A53BEDF}.AppStore|Any CPU.Deploy.0 = Release|x86
		{B47B9071-E042-4DFB-ACB5-007D6A53BEDF}.AppStore|ARM.ActiveCfg = Release|ARM
		{B47B9071-E042-4DFB-ACB5-007D6A53BEDF}.AppStore|ARM.Build.0 = Release|ARM
		{B47B9071-E042-4DFB-ACB5-007D6A53BEDF}.AppStore|ARM.Deploy.0 = Release|ARM
		{B47B9071-E042-4DFB-ACB5-007D6A53BEDF}.AppStore|iPhone.ActiveCfg = Release|x86
		{B47B9071-E042-4DFB-ACB5-007D6A53BEDF}.AppStore|iPhone.Build.0 = Release|x86
		{B47B9071-E042-4DFB-ACB5-007D6A53BEDF}.AppStore|iPhone.Deploy.0 = Release|x86
		{B47B9071-E042-4DFB-ACB5-007D6A53BEDF}.AppStore|iPhoneSimulator.ActiveCfg = Release|x86
		{B47B9071-E042-4DFB-ACB5-007D6A53BEDF}.AppStore|iPhoneSimulator.Build.0 = Release|x86
		{B47B9071-E042-4DFB-ACB5-007D6A53BEDF}.AppStore|iPhoneSimulator.Deploy.0 = Release|x86
		{B47B9071-E042-4DFB-ACB5-007D6A53BEDF}.AppStore|x64.ActiveCfg = Release|x64
		{B47B9071-E042-4DFB-ACB5-007D6A53BEDF}.AppStore|x64.Build.0 = Release|x64
		{B47B9071-E042-4DFB-ACB5-007D6A53BEDF}.AppStore|x64.Deploy.0 = Release|x64
		{B47B9071-E042-4DFB-ACB5-007D6A53BEDF}.AppStore|x86.ActiveCfg = Release|x86
		{B47B9071-E042-4DFB-ACB5-007D6A53BEDF}.AppStore|x86.Build.0 = Release|x86
		{B47B9071-E042-4DFB-ACB5-007D6A53BEDF}.AppStore|x86.Deploy.0 = Release|x86
		{B47B9071-E042-4DFB-ACB5-007D6A53BEDF}.Debug|Any CPU.ActiveCfg = Debug|x86
		{B47B9071-E042-4DFB-ACB5-007D6A53BEDF}.Debug|Any CPU.Build.0 = Debug|x86
		{B47B9071-E042-4DFB-ACB5-007D6A53BEDF}.Debug|Any CPU.Deploy.0 = Debug|x86
		{B47B9071-E042-4DFB-ACB5-007D6A53BEDF}.Debug|ARM.ActiveCfg = Debug|ARM
		{B47B9071-E042-4DFB-ACB5-007D6A53BEDF}.Debug|ARM.Build.0 = Debug|ARM
		{B47B9071-E042-4DFB-ACB5-007D6A53BEDF}.Debug|ARM.Deploy.0 = Debug|ARM
		{B47B9071-E042-4DFB-ACB5-007D6A53BEDF}.Debug|iPhone.ActiveCfg = Debug|x86
		{B47B9071-E042-4DFB-ACB5-007D6A53BEDF}.Debug|iPhoneSimulator.ActiveCfg = Debug|x86
		{B47B9071-E042-4DFB-ACB5-007D6A53BEDF}.Debug|x64.ActiveCfg = Debug|x64
		{B47B9071-E042-4DFB-ACB5-007D6A53BEDF}.Debug|x64.Build.0 = Debug|x64
		{B47B9071-E042-4DFB-ACB5-007D6A53BEDF}.Debug|x64.Deploy.0 = Debug|x64
		{B47B9071-E042-4DFB-ACB5-007D6A53BEDF}.Debug|x86.ActiveCfg = Debug|x86
		{B47B9071-E042-4DFB-ACB5-007D6A53BEDF}.Debug|x86.Build.0 = Debug|x86
		{B47B9071-E042-4DFB-ACB5-007D6A53BEDF}.Debug|x86.Deploy.0 = Debug|x86
		{B47B9071-E042-4DFB-ACB5-007D6A53BEDF}.Release|Any CPU.ActiveCfg = Release|x86
		{B47B9071-E042-4DFB-ACB5-007D6A53BEDF}.Release|ARM.ActiveCfg = Release|ARM
		{B47B9071-E042-4DFB-ACB5-007D6A53BEDF}.Release|ARM.Build.0 = Release|ARM
		{B47B9071-E042-4DFB-ACB5-007D6A53BEDF}.Release|ARM.Deploy.0 = Release|ARM
		{B47B9071-E042-4DFB-ACB5-007D6A53BEDF}.Release|iPhone.ActiveCfg = Release|x86
		{B47B9071-E042-4DFB-ACB5-007D6A53BEDF}.Release|iPhoneSimulator.ActiveCfg = Release|x86
		{B47B9071-E042-4DFB-ACB5-007D6A53BEDF}.Release|x64.ActiveCfg = Release|x64
		{B47B9071-E042-4DFB-ACB5-007D6A53BEDF}.Release|x64.Build.0 = Release|x64
		{B47B9071-E042-4DFB-ACB5-007D6A53BEDF}.Release|x64.Deploy.0 = Release|x64
		{B47B9071-E042-4DFB-ACB5-007D6A53BEDF}.Release|x86.ActiveCfg = Release|x86
		{B47B9071-E042-4DFB-ACB5-007D6A53BEDF}.Release|x86.Build.0 = Release|x86
		{B47B9071-E042-4DFB-ACB5-007D6A53BEDF}.Release|x86.Deploy.0 = Release|x86
		{8767F1D5-D14F-4B33-95B6-501374240B85}.Ad-Hoc|Any CPU.ActiveCfg = Release|Any CPU
		{8767F1D5-D14F-4B33-95B6-501374240B85}.Ad-Hoc|Any CPU.Build.0 = Release|Any CPU
		{8767F1D5-D14F-4B33-95B6-501374240B85}.Ad-Hoc|ARM.ActiveCfg = Release|Any CPU
		{8767F1D5-D14F-4B33-95B6-501374240B85}.Ad-Hoc|ARM.Build.0 = Release|Any CPU
		{8767F1D5-D14F-4B33-95B6-501374240B85}.Ad-Hoc|iPhone.ActiveCfg = Release|Any CPU
		{8767F1D5-D14F-4B33-95B6-501374240B85}.Ad-Hoc|iPhone.Build.0 = Release|Any CPU
		{8767F1D5-D14F-4B33-95B6-501374240B85}.Ad-Hoc|iPhoneSimulator.ActiveCfg = Release|Any CPU
		{8767F1D5-D14F-4B33-95B6-501374240B85}.Ad-Hoc|iPhoneSimulator.Build.0 = Release|Any CPU
		{8767F1D5-D14F-4B33-95B6-501374240B85}.Ad-Hoc|x64.ActiveCfg = Release|Any CPU
		{8767F1D5-D14F-4B33-95B6-501374240B85}.Ad-Hoc|x64.Build.0 = Release|Any CPU
		{8767F1D5-D14F-4B33-95B6-501374240B85}.Ad-Hoc|x86.ActiveCfg = Release|Any CPU
		{8767F1D5-D14F-4B33-95B6-501374240B85}.Ad-Hoc|x86.Build.0 = Release|Any CPU
		{8767F1D5-D14F-4B33-95B6-501374240B85}.AppStore|Any CPU.ActiveCfg = Release|Any CPU
		{8767F1D5-D14F-4B33-95B6-501374240B85}.AppStore|Any CPU.Build.0 = Release|Any CPU
		{8767F1D5-D14F-4B33-95B6-501374240B85}.AppStore|ARM.ActiveCfg = Release|Any CPU
		{8767F1D5-D14F-4B33-95B6-501374240B85}.AppStore|ARM.Build.0 = Release|Any CPU
		{8767F1D5-D14F-4B33-95B6-501374240B85}.AppStore|iPhone.ActiveCfg = Release|Any CPU
		{8767F1D5-D14F-4B33-95B6-501374240B85}.AppStore|iPhone.Build.0 = Release|Any CPU
		{8767F1D5-D14F-4B33-95B6-501374240B85}.AppStore|iPhoneSimulator.ActiveCfg = Release|Any CPU
		{8767F1D5-D14F-4B33-95B6-501374240B85}.AppStore|iPhoneSimulator.Build.0 = Release|Any CPU
		{8767F1D5-D14F-4B33-95B6-501374240B85}.AppStore|x64.ActiveCfg = Release|Any CPU
		{8767F1D5-D14F-4B33-95B6-501374240B85}.AppStore|x64.Build.0 = Release|Any CPU
		{8767F1D5-D14F-4B33-95B6-501374240B85}.AppStore|x86.ActiveCfg = Release|Any CPU
		{8767F1D5-D14F-4B33-95B6-501374240B85}.AppStore|x86.Build.0 = Release|Any CPU
		{8767F1D5-D14F-4B33-95B6-501374240B85}.Debug|Any CPU.ActiveCfg = Debug|Any CPU
		{8767F1D5-D14F-4B33-95B6-501374240B85}.Debug|Any CPU.Build.0 = Debug|Any CPU
		{8767F1D5-D14F-4B33-95B6-501374240B85}.Debug|ARM.ActiveCfg = Debug|Any CPU
		{8767F1D5-D14F-4B33-95B6-501374240B85}.Debug|ARM.Build.0 = Debug|Any CPU
		{8767F1D5-D14F-4B33-95B6-501374240B85}.Debug|iPhone.ActiveCfg = Debug|Any CPU
		{8767F1D5-D14F-4B33-95B6-501374240B85}.Debug|iPhone.Build.0 = Debug|Any CPU
		{8767F1D5-D14F-4B33-95B6-501374240B85}.Debug|iPhoneSimulator.ActiveCfg = Debug|Any CPU
		{8767F1D5-D14F-4B33-95B6-501374240B85}.Debug|iPhoneSimulator.Build.0 = Debug|Any CPU
		{8767F1D5-D14F-4B33-95B6-501374240B85}.Debug|x64.ActiveCfg = Debug|Any CPU
		{8767F1D5-D14F-4B33-95B6-501374240B85}.Debug|x64.Build.0 = Debug|Any CPU
		{8767F1D5-D14F-4B33-95B6-501374240B85}.Debug|x86.ActiveCfg = Debug|Any CPU
		{8767F1D5-D14F-4B33-95B6-501374240B85}.Debug|x86.Build.0 = Debug|Any CPU
		{8767F1D5-D14F-4B33-95B6-501374240B85}.Release|Any CPU.ActiveCfg = Release|Any CPU
		{8767F1D5-D14F-4B33-95B6-501374240B85}.Release|Any CPU.Build.0 = Release|Any CPU
		{8767F1D5-D14F-4B33-95B6-501374240B85}.Release|ARM.ActiveCfg = Release|Any CPU
		{8767F1D5-D14F-4B33-95B6-501374240B85}.Release|ARM.Build.0 = Release|Any CPU
		{8767F1D5-D14F-4B33-95B6-501374240B85}.Release|iPhone.ActiveCfg = Release|Any CPU
		{8767F1D5-D14F-4B33-95B6-501374240B85}.Release|iPhone.Build.0 = Release|Any CPU
		{8767F1D5-D14F-4B33-95B6-501374240B85}.Release|iPhoneSimulator.ActiveCfg = Release|Any CPU
		{8767F1D5-D14F-4B33-95B6-501374240B85}.Release|iPhoneSimulator.Build.0 = Release|Any CPU
		{8767F1D5-D14F-4B33-95B6-501374240B85}.Release|x64.ActiveCfg = Release|Any CPU
		{8767F1D5-D14F-4B33-95B6-501374240B85}.Release|x64.Build.0 = Release|Any CPU
		{8767F1D5-D14F-4B33-95B6-501374240B85}.Release|x86.ActiveCfg = Release|Any CPU
		{8767F1D5-D14F-4B33-95B6-501374240B85}.Release|x86.Build.0 = Release|Any CPU
	EndGlobalSection
	GlobalSection(SolutionProperties) = preSolution
		HideSolutionNode = FALSE
	EndGlobalSection
EndGlobal
